// !$*UTF8*$!
{
	archiveVersion = 1;
	classes = {
	};
	objectVersion = 50;
	objects = {

/* Begin PBXBuildFile section */
		B8E2EE2226CEB32E00DBCC51 /* AppDelegate.swift in Sources */ = {isa = PBXBuildFile; fileRef = B8E2EE2126CEB32E00DBCC51 /* AppDelegate.swift */; };
		B8E2EE2626CEB32E00DBCC51 /* ViewController.swift in Sources */ = {isa = PBXBuildFile; fileRef = B8E2EE2526CEB32E00DBCC51 /* ViewController.swift */; };
		B8E2EE2926CEB32E00DBCC51 /* Main.storyboard in Resources */ = {isa = PBXBuildFile; fileRef = B8E2EE2726CEB32E00DBCC51 /* Main.storyboard */; };
		B8E2EE2B26CEB33000DBCC51 /* Assets.xcassets in Resources */ = {isa = PBXBuildFile; fileRef = B8E2EE2A26CEB33000DBCC51 /* Assets.xcassets */; };
		B8E2EE2E26CEB33000DBCC51 /* LaunchScreen.storyboard in Resources */ = {isa = PBXBuildFile; fileRef = B8E2EE2C26CEB33000DBCC51 /* LaunchScreen.storyboard */; };
		B8E2EE3C26CEB38A00DBCC51 /* SharpView.swift in Sources */ = {isa = PBXBuildFile; fileRef = B8E2EE3626CEB38A00DBCC51 /* SharpView.swift */; };
		B8E2EE3D26CEB38A00DBCC51 /* KeyboardView.swift in Sources */ = {isa = PBXBuildFile; fileRef = B8E2EE3726CEB38A00DBCC51 /* KeyboardView.swift */; };
		B8E2EE3E26CEB38A00DBCC51 /* GClefNoteView.swift in Sources */ = {isa = PBXBuildFile; fileRef = B8E2EE3826CEB38A00DBCC51 /* GClefNoteView.swift */; };
		B8E2EE3F26CEB38A00DBCC51 /* MusicTheory.swift in Sources */ = {isa = PBXBuildFile; fileRef = B8E2EE3926CEB38A00DBCC51 /* MusicTheory.swift */; };
		B8E2EE4026CEB38A00DBCC51 /* OvalView.swift in Sources */ = {isa = PBXBuildFile; fileRef = B8E2EE3A26CEB38A00DBCC51 /* OvalView.swift */; };
/* End PBXBuildFile section */

/* Begin PBXFileReference section */
		B8E2EE1E26CEB32E00DBCC51 /* SimpleKeyboardView.app */ = {isa = PBXFileReference; explicitFileType = wrapper.application; includeInIndex = 0; path = SimpleKeyboardView.app; sourceTree = BUILT_PRODUCTS_DIR; };
		B8E2EE2126CEB32E00DBCC51 /* AppDelegate.swift */ = {isa = PBXFileReference; lastKnownFileType = sourcecode.swift; path = AppDelegate.swift; sourceTree = "<group>"; };
		B8E2EE2526CEB32E00DBCC51 /* ViewController.swift */ = {isa = PBXFileReference; lastKnownFileType = sourcecode.swift; path = ViewController.swift; sourceTree = "<group>"; };
		B8E2EE2826CEB32E00DBCC51 /* Base */ = {isa = PBXFileReference; lastKnownFileType = file.storyboard; name = Base; path = Base.lproj/Main.storyboard; sourceTree = "<group>"; };
		B8E2EE2A26CEB33000DBCC51 /* Assets.xcassets */ = {isa = PBXFileReference; lastKnownFileType = folder.assetcatalog; path = Assets.xcassets; sourceTree = "<group>"; };
		B8E2EE2D26CEB33000DBCC51 /* Base */ = {isa = PBXFileReference; lastKnownFileType = file.storyboard; name = Base; path = Base.lproj/LaunchScreen.storyboard; sourceTree = "<group>"; };
		B8E2EE2F26CEB33000DBCC51 /* Info.plist */ = {isa = PBXFileReference; lastKnownFileType = text.plist.xml; path = Info.plist; sourceTree = "<group>"; };
		B8E2EE3626CEB38A00DBCC51 /* SharpView.swift */ = {isa = PBXFileReference; fileEncoding = 4; lastKnownFileType = sourcecode.swift; path = SharpView.swift; sourceTree = "<group>"; };
		B8E2EE3726CEB38A00DBCC51 /* KeyboardView.swift */ = {isa = PBXFileReference; fileEncoding = 4; lastKnownFileType = sourcecode.swift; path = KeyboardView.swift; sourceTree = "<group>"; };
		B8E2EE3826CEB38A00DBCC51 /* GClefNoteView.swift */ = {isa = PBXFileReference; fileEncoding = 4; lastKnownFileType = sourcecode.swift; path = GClefNoteView.swift; sourceTree = "<group>"; };
		B8E2EE3926CEB38A00DBCC51 /* MusicTheory.swift */ = {isa = PBXFileReference; fileEncoding = 4; lastKnownFileType = sourcecode.swift; path = MusicTheory.swift; sourceTree = "<group>"; };
		B8E2EE3A26CEB38A00DBCC51 /* OvalView.swift */ = {isa = PBXFileReference; fileEncoding = 4; lastKnownFileType = sourcecode.swift; path = OvalView.swift; sourceTree = "<group>"; };
/* End PBXFileReference section */

/* Begin PBXFrameworksBuildPhase section */
		B8E2EE1B26CEB32E00DBCC51 /* Frameworks */ = {
			isa = PBXFrameworksBuildPhase;
			buildActionMask = 2147483647;
			files = (
			);
			runOnlyForDeploymentPostprocessing = 0;
		};
/* End PBXFrameworksBuildPhase section */

/* Begin PBXGroup section */
		B8E2EE1526CEB32E00DBCC51 = {
			isa = PBXGroup;
			children = (
				B8E2EE2026CEB32E00DBCC51 /* SimpleKeyboardView */,
				B8E2EE1F26CEB32E00DBCC51 /* Products */,
			);
			sourceTree = "<group>";
		};
		B8E2EE1F26CEB32E00DBCC51 /* Products */ = {
			isa = PBXGroup;
			children = (
				B8E2EE1E26CEB32E00DBCC51 /* SimpleKeyboardView.app */,
			);
			name = Products;
			sourceTree = "<group>";
		};
		B8E2EE2026CEB32E00DBCC51 /* SimpleKeyboardView */ = {
			isa = PBXGroup;
			children = (
				B8E2EE3526CEB36100DBCC51 /* SimpleKeyboardView */,
				B8E2EE2126CEB32E00DBCC51 /* AppDelegate.swift */,
				B8E2EE2526CEB32E00DBCC51 /* ViewController.swift */,
				B8E2EE2726CEB32E00DBCC51 /* Main.storyboard */,
				B8E2EE2A26CEB33000DBCC51 /* Assets.xcassets */,
				B8E2EE2C26CEB33000DBCC51 /* LaunchScreen.storyboard */,
				B8E2EE2F26CEB33000DBCC51 /* Info.plist */,
			);
			path = SimpleKeyboardView;
			sourceTree = "<group>";
		};
		B8E2EE3526CEB36100DBCC51 /* SimpleKeyboardView */ = {
			isa = PBXGroup;
			children = (
				B8E2EE3826CEB38A00DBCC51 /* GClefNoteView.swift */,
				B8E2EE3726CEB38A00DBCC51 /* KeyboardView.swift */,
				B8E2EE3926CEB38A00DBCC51 /* MusicTheory.swift */,
				B8E2EE3A26CEB38A00DBCC51 /* OvalView.swift */,
				B8E2EE3626CEB38A00DBCC51 /* SharpView.swift */,
			);
			path = SimpleKeyboardView;
			sourceTree = "<group>";
		};
/* End PBXGroup section */

/* Begin PBXNativeTarget section */
		B8E2EE1D26CEB32E00DBCC51 /* SimpleKeyboardView */ = {
			isa = PBXNativeTarget;
			buildConfigurationList = B8E2EE3226CEB33000DBCC51 /* Build configuration list for PBXNativeTarget "SimpleKeyboardView" */;
			buildPhases = (
				B8E2EE1A26CEB32E00DBCC51 /* Sources */,
				B8E2EE1B26CEB32E00DBCC51 /* Frameworks */,
				B8E2EE1C26CEB32E00DBCC51 /* Resources */,
			);
			buildRules = (
			);
			dependencies = (
			);
			name = SimpleKeyboardView;
			productName = SimpleKeyboardView;
			productReference = B8E2EE1E26CEB32E00DBCC51 /* SimpleKeyboardView.app */;
			productType = "com.apple.product-type.application";
		};
/* End PBXNativeTarget section */

/* Begin PBXProject section */
		B8E2EE1626CEB32E00DBCC51 /* Project object */ = {
			isa = PBXProject;
			attributes = {
				LastSwiftUpdateCheck = 1250;
				LastUpgradeCheck = 1250;
				TargetAttributes = {
					B8E2EE1D26CEB32E00DBCC51 = {
						CreatedOnToolsVersion = 12.5.1;
					};
				};
			};
			buildConfigurationList = B8E2EE1926CEB32E00DBCC51 /* Build configuration list for PBXProject "SimpleKeyboardView" */;
			compatibilityVersion = "Xcode 9.3";
			developmentRegion = en;
			hasScannedForEncodings = 0;
			knownRegions = (
				en,
				Base,
			);
			mainGroup = B8E2EE1526CEB32E00DBCC51;
			productRefGroup = B8E2EE1F26CEB32E00DBCC51 /* Products */;
			projectDirPath = "";
			projectRoot = "";
			targets = (
				B8E2EE1D26CEB32E00DBCC51 /* SimpleKeyboardView */,
			);
		};
/* End PBXProject section */

/* Begin PBXResourcesBuildPhase section */
		B8E2EE1C26CEB32E00DBCC51 /* Resources */ = {
			isa = PBXResourcesBuildPhase;
			buildActionMask = 2147483647;
			files = (
				B8E2EE2E26CEB33000DBCC51 /* LaunchScreen.storyboard in Resources */,
				B8E2EE2B26CEB33000DBCC51 /* Assets.xcassets in Resources */,
				B8E2EE2926CEB32E00DBCC51 /* Main.storyboard in Resources */,
			);
			runOnlyForDeploymentPostprocessing = 0;
		};
/* End PBXResourcesBuildPhase section */

/* Begin PBXSourcesBuildPhase section */
		B8E2EE1A26CEB32E00DBCC51 /* Sources */ = {
			isa = PBXSourcesBuildPhase;
			buildActionMask = 2147483647;
			files = (
				B8E2EE2626CEB32E00DBCC51 /* ViewController.swift in Sources */,
				B8E2EE2226CEB32E00DBCC51 /* AppDelegate.swift in Sources */,
				B8E2EE3F26CEB38A00DBCC51 /* MusicTheory.swift in Sources */,
				B8E2EE3E26CEB38A00DBCC51 /* GClefNoteView.swift in Sources */,
				B8E2EE3D26CEB38A00DBCC51 /* KeyboardView.swift in Sources */,
				B8E2EE4026CEB38A00DBCC51 /* OvalView.swift in Sources */,
				B8E2EE3C26CEB38A00DBCC51 /* SharpView.swift in Sources */,
			);
			runOnlyForDeploymentPostprocessing = 0;
		};
/* End PBXSourcesBuildPhase section */

/* Begin PBXVariantGroup section */
		B8E2EE2726CEB32E00DBCC51 /* Main.storyboard */ = {
			isa = PBXVariantGroup;
			children = (
				B8E2EE2826CEB32E00DBCC51 /* Base */,
			);
			name = Main.storyboard;
			sourceTree = "<group>";
		};
		B8E2EE2C26CEB33000DBCC51 /* LaunchScreen.storyboard */ = {
			isa = PBXVariantGroup;
			children = (
				B8E2EE2D26CEB33000DBCC51 /* Base */,
			);
			name = LaunchScreen.storyboard;
			sourceTree = "<group>";
		};
/* End PBXVariantGroup section */

/* Begin XCBuildConfiguration section */
		B8E2EE3026CEB33000DBCC51 /* Debug */ = {
			isa = XCBuildConfiguration;
			buildSettings = {
				ALWAYS_SEARCH_USER_PATHS = NO;
				CLANG_ANALYZER_NONNULL = YES;
				CLANG_ANALYZER_NUMBER_OBJECT_CONVERSION = YES_AGGRESSIVE;
				CLANG_CXX_LANGUAGE_STANDARD = "gnu++14";
				CLANG_CXX_LIBRARY = "libc++";
				CLANG_ENABLE_MODULES = YES;
				CLANG_ENABLE_OBJC_ARC = YES;
				CLANG_ENABLE_OBJC_WEAK = YES;
				CLANG_WARN_BLOCK_CAPTURE_AUTORELEASING = YES;
				CLANG_WARN_BOOL_CONVERSION = YES;
				CLANG_WARN_COMMA = YES;
				CLANG_WARN_CONSTANT_CONVERSION = YES;
				CLANG_WARN_DEPRECATED_OBJC_IMPLEMENTATIONS = YES;
				CLANG_WARN_DIRECT_OBJC_ISA_USAGE = YES_ERROR;
				CLANG_WARN_DOCUMENTATION_COMMENTS = YES;
				CLANG_WARN_EMPTY_BODY = YES;
				CLANG_WARN_ENUM_CONVERSION = YES;
				CLANG_WARN_INFINITE_RECURSION = YES;
				CLANG_WARN_INT_CONVERSION = YES;
				CLANG_WARN_NON_LITERAL_NULL_CONVERSION = YES;
				CLANG_WARN_OBJC_IMPLICIT_RETAIN_SELF = YES;
				CLANG_WARN_OBJC_LITERAL_CONVERSION = YES;
				CLANG_WARN_OBJC_ROOT_CLASS = YES_ERROR;
				CLANG_WARN_QUOTED_INCLUDE_IN_FRAMEWORK_HEADER = YES;
				CLANG_WARN_RANGE_LOOP_ANALYSIS = YES;
				CLANG_WARN_STRICT_PROTOTYPES = YES;
				CLANG_WARN_SUSPICIOUS_MOVE = YES;
				CLANG_WARN_UNGUARDED_AVAILABILITY = YES_AGGRESSIVE;
				CLANG_WARN_UNREACHABLE_CODE = YES;
				CLANG_WARN__DUPLICATE_METHOD_MATCH = YES;
				COPY_PHASE_STRIP = NO;
				DEBUG_INFORMATION_FORMAT = dwarf;
				ENABLE_STRICT_OBJC_MSGSEND = YES;
				ENABLE_TESTABILITY = YES;
				GCC_C_LANGUAGE_STANDARD = gnu11;
				GCC_DYNAMIC_NO_PIC = NO;
				GCC_NO_COMMON_BLOCKS = YES;
				GCC_OPTIMIZATION_LEVEL = 0;
				GCC_PREPROCESSOR_DEFINITIONS = (
					"DEBUG=1",
					"$(inherited)",
				);
				GCC_WARN_64_TO_32_BIT_CONVERSION = YES;
				GCC_WARN_ABOUT_RETURN_TYPE = YES_ERROR;
				GCC_WARN_UNDECLARED_SELECTOR = YES;
				GCC_WARN_UNINITIALIZED_AUTOS = YES_AGGRESSIVE;
				GCC_WARN_UNUSED_FUNCTION = YES;
				GCC_WARN_UNUSED_VARIABLE = YES;
				IPHONEOS_DEPLOYMENT_TARGET = 14.5;
				MTL_ENABLE_DEBUG_INFO = INCLUDE_SOURCE;
				MTL_FAST_MATH = YES;
				ONLY_ACTIVE_ARCH = YES;
				SDKROOT = iphoneos;
				SWIFT_ACTIVE_COMPILATION_CONDITIONS = DEBUG;
				SWIFT_OPTIMIZATION_LEVEL = "-Onone";
			};
			name = Debug;
		};
		B8E2EE3126CEB33000DBCC51 /* Release */ = {
			isa = XCBuildConfiguration;
			buildSettings = {
				ALWAYS_SEARCH_USER_PATHS = NO;
				CLANG_ANALYZER_NONNULL = YES;
				CLANG_ANALYZER_NUMBER_OBJECT_CONVERSION = YES_AGGRESSIVE;
				CLANG_CXX_LANGUAGE_STANDARD = "gnu++14";
				CLANG_CXX_LIBRARY = "libc++";
				CLANG_ENABLE_MODULES = YES;
				CLANG_ENABLE_OBJC_ARC = YES;
				CLANG_ENABLE_OBJC_WEAK = YES;
				CLANG_WARN_BLOCK_CAPTURE_AUTORELEASING = YES;
				CLANG_WARN_BOOL_CONVERSION = YES;
				CLANG_WARN_COMMA = YES;
				CLANG_WARN_CONSTANT_CONVERSION = YES;
				CLANG_WARN_DEPRECATED_OBJC_IMPLEMENTATIONS = YES;
				CLANG_WARN_DIRECT_OBJC_ISA_USAGE = YES_ERROR;
				CLANG_WARN_DOCUMENTATION_COMMENTS = YES;
				CLANG_WARN_EMPTY_BODY = YES;
				CLANG_WARN_ENUM_CONVERSION = YES;
				CLANG_WARN_INFINITE_RECURSION = YES;
				CLANG_WARN_INT_CONVERSION = YES;
				CLANG_WARN_NON_LITERAL_NULL_CONVERSION = YES;
				CLANG_WARN_OBJC_IMPLICIT_RETAIN_SELF = YES;
				CLANG_WARN_OBJC_LITERAL_CONVERSION = YES;
				CLANG_WARN_OBJC_ROOT_CLASS = YES_ERROR;
				CLANG_WARN_QUOTED_INCLUDE_IN_FRAMEWORK_HEADER = YES;
				CLANG_WARN_RANGE_LOOP_ANALYSIS = YES;
				CLANG_WARN_STRICT_PROTOTYPES = YES;
				CLANG_WARN_SUSPICIOUS_MOVE = YES;
				CLANG_WARN_UNGUARDED_AVAILABILITY = YES_AGGRESSIVE;
				CLANG_WARN_UNREACHABLE_CODE = YES;
				CLANG_WARN__DUPLICATE_METHOD_MATCH = YES;
				COPY_PHASE_STRIP = NO;
				DEBUG_INFORMATION_FORMAT = "dwarf-with-dsym";
				ENABLE_NS_ASSERTIONS = NO;
				ENABLE_STRICT_OBJC_MSGSEND = YES;
				GCC_C_LANGUAGE_STANDARD = gnu11;
				GCC_NO_COMMON_BLOCKS = YES;
				GCC_WARN_64_TO_32_BIT_CONVERSION = YES;
				GCC_WARN_ABOUT_RETURN_TYPE = YES_ERROR;
				GCC_WARN_UNDECLARED_SELECTOR = YES;
				GCC_WARN_UNINITIALIZED_AUTOS = YES_AGGRESSIVE;
				GCC_WARN_UNUSED_FUNCTION = YES;
				GCC_WARN_UNUSED_VARIABLE = YES;
				IPHONEOS_DEPLOYMENT_TARGET = 14.5;
				MTL_ENABLE_DEBUG_INFO = NO;
				MTL_FAST_MATH = YES;
				SDKROOT = iphoneos;
				SWIFT_COMPILATION_MODE = wholemodule;
				SWIFT_OPTIMIZATION_LEVEL = "-O";
				VALIDATE_PRODUCT = YES;
			};
			name = Release;
		};
		B8E2EE3326CEB33000DBCC51 /* Debug */ = {
			isa = XCBuildConfiguration;
			buildSettings = {
				ASSETCATALOG_COMPILER_APPICON_NAME = AppIcon;
				ASSETCATALOG_COMPILER_GLOBAL_ACCENT_COLOR_NAME = AccentColor;
				CODE_SIGN_STYLE = Automatic;
				DEVELOPMENT_TEAM = "";
				INFOPLIST_FILE = SimpleKeyboardView/Info.plist;
				IPHONEOS_DEPLOYMENT_TARGET = 12.1;
				LD_RUNPATH_SEARCH_PATHS = (
					"$(inherited)",
					"@executable_path/Frameworks",
				);
				MARKETING_VERSION = 1.0.0;
				PRODUCT_BUNDLE_IDENTIFIER = mn.claudiu.SimpleKeyboardView;
				PRODUCT_NAME = "$(TARGET_NAME)";
				SWIFT_VERSION = 5.0;
				TARGETED_DEVICE_FAMILY = "1,2";
			};
			name = Debug;
		};
		B8E2EE3426CEB33000DBCC51 /* Release */ = {
			isa = XCBuildConfiguration;
			buildSettings = {
				ASSETCATALOG_COMPILER_APPICON_NAME = AppIcon;
				ASSETCATALOG_COMPILER_GLOBAL_ACCENT_COLOR_NAME = AccentColor;
				CODE_SIGN_STYLE = Automatic;
				DEVELOPMENT_TEAM = "";
				INFOPLIST_FILE = SimpleKeyboardView/Info.plist;
				IPHONEOS_DEPLOYMENT_TARGET = 12.1;
				LD_RUNPATH_SEARCH_PATHS = (
					"$(inherited)",
					"@executable_path/Frameworks",
				);
				MARKETING_VERSION = 1.0.0;
				PRODUCT_BUNDLE_IDENTIFIER = mn.claudiu.SimpleKeyboardView;
				PRODUCT_NAME = "$(TARGET_NAME)";
				SWIFT_VERSION = 5.0;
				TARGETED_DEVICE_FAMILY = "1,2";
			};
			name = Release;
		};
/* End XCBuildConfiguration section */

/* Begin XCConfigurationList section */
		B8E2EE1926CEB32E00DBCC51 /* Build configuration list for PBXProject "SimpleKeyboardView" */ = {
			isa = XCConfigurationList;
			buildConfigurations = (
				B8E2EE3026CEB33000DBCC51 /* Debug */,
				B8E2EE3126CEB33000DBCC51 /* Release */,
			);
			defaultConfigurationIsVisible = 0;
			defaultConfigurationName = Release;
		};
		B8E2EE3226CEB33000DBCC51 /* Build configuration list for PBXNativeTarget "SimpleKeyboardView" */ = {
			isa = XCConfigurationList;
			buildConfigurations = (
				B8E2EE3326CEB33000DBCC51 /* Debug */,
				B8E2EE3426CEB33000DBCC51 /* Release */,
			);
			defaultConfigurationIsVisible = 0;
			defaultConfigurationName = Release;
		};
/* End XCConfigurationList section */
	};
	rootObject = B8E2EE1626CEB32E00DBCC51 /* Project object */;
}
